{
  "nodes": {
    "by": {
      "flake": false,
      "locked": {
        "lastModified": 1677863328,
        "narHash": "sha256-rkvJsI+SpRoSJotv5x2UT9bR/lwWWi6ujRO+FfHChy0=",
        "owner": "k0001",
        "repo": "by",
        "rev": "88e7d4629369224f003f0f4ba28353d176128b07",
        "type": "github"
      },
      "original": {
        "owner": "k0001",
        "repo": "by",
        "type": "github"
      }
    },
    "nixpkgs": {
      "locked": {
        "lastModified": 1677655566,
        "narHash": "sha256-I8G8Lmpp3YduYl4+pkiIJFGT1WKw+8ZMH2QwANkTu2U=",
        "owner": "NixOS",
        "repo": "nixpkgs",
        "rev": "ae8bdd2de4c23b239b5a771501641d2ef5e027d0",
        "type": "github"
      },
      "original": {
        "id": "nixpkgs",
        "type": "indirect"
      }
    },
    "root": {
      "inputs": {
        "by": "by",
        "nixpkgs": "nixpkgs"
      }
    }
  },
  "root": "root",
  "version": 7
}
